
Microsoft Visual Studio Solution File, Format Version 12.00
# Visual Studio Version 16
VisualStudioVersion = 16.0.31624.102
MinimumVisualStudioVersion = 10.0.40219.1
Project("{FAE04EC0-301F-11D3-BF4B-00C04F79EFBC}") = "IndianStateCensusAnalyzer", "IndianStateCensusAnalyzer.csproj", "{DA26B8E4-DA38-4D0E-B90A-9D26B863234C}"
EndProject
Global
	GlobalSection(SolutionConfigurationPlatforms) = preSolution
		Debug|Any CPU = Debug|Any CPU
		Release|Any CPU = Release|Any CPU
	EndGlobalSection
	GlobalSection(ProjectConfigurationPlatforms) = postSolution
		{DA26B8E4-DA38-4D0E-B90A-9D26B863234C}.Debug|Any CPU.ActiveCfg = Debug|Any CPU
		{DA26B8E4-DA38-4D0E-B90A-9D26B863234C}.Debug|Any CPU.Build.0 = Debug|Any CPU
		{DA26B8E4-DA38-4D0E-B90A-9D26B863234C}.Release|Any CPU.ActiveCfg = Release|Any CPU
		{DA26B8E4-DA38-4D0E-B90A-9D26B863234C}.Release|Any CPU.Build.0 = Release|Any CPU
	EndGlobalSection
	GlobalSection(SolutionProperties) = preSolution
		HideSolutionNode = FALSE
	EndGlobalSection
	GlobalSection(ExtensibilityGlobals) = postSolution
		SolutionGuid = {5B2CA444-6730-45EB-8392-90066C243A35}
	EndGlobalSection
EndGlobal
